// !$*UTF8*$!
{
	archiveVersion = 1;
	classes = {
	};
	objectVersion = 51;
	objects = {

/* Begin PBXBuildFile section */
		9A3867AF072A1402FB5920AA /* Pods_test.framework in Frameworks */ = {isa = PBXBuildFile; fileRef = 6C278C213C45C7DC545AE875 /* Pods_test.framework */; };
		9A85EB5023D743D700770FEE /* nyan_icon.jpg in Resources */ = {isa = PBXBuildFile; fileRef = 9A85EB4F23D743D600770FEE /* nyan_icon.jpg */; };
		D7C6D22C23D11D35008C7C4B /* AppDelegate.swift in Sources */ = {isa = PBXBuildFile; fileRef = D7C6D22B23D11D35008C7C4B /* AppDelegate.swift */; };
		D7C6D22E23D11D35008C7C4B /* SceneDelegate.swift in Sources */ = {isa = PBXBuildFile; fileRef = D7C6D22D23D11D35008C7C4B /* SceneDelegate.swift */; };
		D7C6D23023D11D35008C7C4B /* ViewController.swift in Sources */ = {isa = PBXBuildFile; fileRef = D7C6D22F23D11D35008C7C4B /* ViewController.swift */; };
		D7C6D23323D11D35008C7C4B /* Main.storyboard in Resources */ = {isa = PBXBuildFile; fileRef = D7C6D23123D11D35008C7C4B /* Main.storyboard */; };
		D7C6D23523D11D3C008C7C4B /* Assets.xcassets in Resources */ = {isa = PBXBuildFile; fileRef = D7C6D23423D11D3C008C7C4B /* Assets.xcassets */; };
		D7C6D23823D11D3C008C7C4B /* LaunchScreen.storyboard in Resources */ = {isa = PBXBuildFile; fileRef = D7C6D23623D11D3C008C7C4B /* LaunchScreen.storyboard */; };
		D7C6D24623D1206B008C7C4B /* SecondScreen.swift in Sources */ = {isa = PBXBuildFile; fileRef = D7C6D24523D1206B008C7C4B /* SecondScreen.swift */; };
		D7C6D24823D123D0008C7C4B /* TealiumHelper.swift in Sources */ = {isa = PBXBuildFile; fileRef = D7C6D24723D123D0008C7C4B /* TealiumHelper.swift */; };
/* End PBXBuildFile section */

/* Begin PBXFileReference section */
		6C278C213C45C7DC545AE875 /* Pods_test.framework */ = {isa = PBXFileReference; explicitFileType = wrapper.framework; includeInIndex = 0; path = Pods_test.framework; sourceTree = BUILT_PRODUCTS_DIR; };
		9A85EB4F23D743D600770FEE /* nyan_icon.jpg */ = {isa = PBXFileReference; lastKnownFileType = image.jpeg; name = nyan_icon.jpg; path = ../../../nyan_icon.jpg; sourceTree = "<group>"; };
		A461FB08EBAFC4A09C9FEDCA /* Pods-test.debug.xcconfig */ = {isa = PBXFileReference; includeInIndex = 1; lastKnownFileType = text.xcconfig; name = "Pods-test.debug.xcconfig"; path = "Target Support Files/Pods-test/Pods-test.debug.xcconfig"; sourceTree = "<group>"; };
		C1001AAAF062DD2171193583 /* Pods-test.release.xcconfig */ = {isa = PBXFileReference; includeInIndex = 1; lastKnownFileType = text.xcconfig; name = "Pods-test.release.xcconfig"; path = "Target Support Files/Pods-test/Pods-test.release.xcconfig"; sourceTree = "<group>"; };
		D7C6D22823D11D35008C7C4B /* test.app */ = {isa = PBXFileReference; explicitFileType = wrapper.application; includeInIndex = 0; path = test.app; sourceTree = BUILT_PRODUCTS_DIR; };
		D7C6D22B23D11D35008C7C4B /* AppDelegate.swift */ = {isa = PBXFileReference; lastKnownFileType = sourcecode.swift; path = AppDelegate.swift; sourceTree = "<group>"; };
		D7C6D22D23D11D35008C7C4B /* SceneDelegate.swift */ = {isa = PBXFileReference; lastKnownFileType = sourcecode.swift; path = SceneDelegate.swift; sourceTree = "<group>"; };
		D7C6D22F23D11D35008C7C4B /* ViewController.swift */ = {isa = PBXFileReference; lastKnownFileType = sourcecode.swift; path = ViewController.swift; sourceTree = "<group>"; };
		D7C6D23223D11D35008C7C4B /* Base */ = {isa = PBXFileReference; lastKnownFileType = file.storyboard; name = Base; path = Base.lproj/Main.storyboard; sourceTree = "<group>"; };
		D7C6D23423D11D3C008C7C4B /* Assets.xcassets */ = {isa = PBXFileReference; lastKnownFileType = folder.assetcatalog; path = Assets.xcassets; sourceTree = "<group>"; };
		D7C6D23723D11D3C008C7C4B /* Base */ = {isa = PBXFileReference; lastKnownFileType = file.storyboard; name = Base; path = Base.lproj/LaunchScreen.storyboard; sourceTree = "<group>"; };
		D7C6D23923D11D3C008C7C4B /* Info.plist */ = {isa = PBXFileReference; lastKnownFileType = text.plist.xml; path = Info.plist; sourceTree = "<group>"; };
		D7C6D24523D1206B008C7C4B /* SecondScreen.swift */ = {isa = PBXFileReference; lastKnownFileType = sourcecode.swift; path = SecondScreen.swift; sourceTree = "<group>"; };
		D7C6D24723D123D0008C7C4B /* TealiumHelper.swift */ = {isa = PBXFileReference; lastKnownFileType = sourcecode.swift; path = TealiumHelper.swift; sourceTree = "<group>"; };
/* End PBXFileReference section */

/* Begin PBXFrameworksBuildPhase section */
		D7C6D22523D11D35008C7C4B /* Frameworks */ = {
			isa = PBXFrameworksBuildPhase;
			buildActionMask = 2147483647;
			files = (
				9A3867AF072A1402FB5920AA /* Pods_test.framework in Frameworks */,
			);
			runOnlyForDeploymentPostprocessing = 0;
		};
/* End PBXFrameworksBuildPhase section */

/* Begin PBXGroup section */
		2F483E37BA3E6F49EA0E2602 /* Frameworks */ = {
			isa = PBXGroup;
			children = (
				6C278C213C45C7DC545AE875 /* Pods_test.framework */,
			);
			name = Frameworks;
			sourceTree = "<group>";
		};
		D7C6D21F23D11D35008C7C4B = {
			isa = PBXGroup;
			children = (
				D7C6D22A23D11D35008C7C4B /* test */,
				D7C6D22923D11D35008C7C4B /* Products */,
				DE088D4DA9258508786A5BC5 /* Pods */,
				2F483E37BA3E6F49EA0E2602 /* Frameworks */,
			);
			sourceTree = "<group>";
		};
		D7C6D22923D11D35008C7C4B /* Products */ = {
			isa = PBXGroup;
			children = (
				D7C6D22823D11D35008C7C4B /* test.app */,
			);
			name = Products;
			sourceTree = "<group>";
		};
		D7C6D22A23D11D35008C7C4B /* test */ = {
			isa = PBXGroup;
			children = (
				D7C6D22B23D11D35008C7C4B /* AppDelegate.swift */,
				D7C6D22D23D11D35008C7C4B /* SceneDelegate.swift */,
				D7C6D22F23D11D35008C7C4B /* ViewController.swift */,
				D7C6D23123D11D35008C7C4B /* Main.storyboard */,
				D7C6D23423D11D3C008C7C4B /* Assets.xcassets */,
				D7C6D23623D11D3C008C7C4B /* LaunchScreen.storyboard */,
				D7C6D23923D11D3C008C7C4B /* Info.plist */,
				9A85EB4F23D743D600770FEE /* nyan_icon.jpg */,
				D7C6D24523D1206B008C7C4B /* SecondScreen.swift */,
				D7C6D24723D123D0008C7C4B /* TealiumHelper.swift */,
			);
			path = test;
			sourceTree = "<group>";
		};
		DE088D4DA9258508786A5BC5 /* Pods */ = {
			isa = PBXGroup;
			children = (
				A461FB08EBAFC4A09C9FEDCA /* Pods-test.debug.xcconfig */,
				C1001AAAF062DD2171193583 /* Pods-test.release.xcconfig */,
			);
			path = Pods;
			sourceTree = "<group>";
		};
/* End PBXGroup section */

/* Begin PBXNativeTarget section */
		D7C6D22723D11D35008C7C4B /* test */ = {
			isa = PBXNativeTarget;
			buildConfigurationList = D7C6D23C23D11D3C008C7C4B /* Build configuration list for PBXNativeTarget "test" */;
			buildPhases = (
				351ED0585A85F22C12397BF3 /* [CP] Check Pods Manifest.lock */,
				D7C6D22423D11D35008C7C4B /* Sources */,
				D7C6D22523D11D35008C7C4B /* Frameworks */,
				D7C6D22623D11D35008C7C4B /* Resources */,
				9C610C827E51E3844B13E914 /* [CP] Embed Pods Frameworks */,
			);
			buildRules = (
			);
			dependencies = (
			);
			name = test;
			productName = test;
			productReference = D7C6D22823D11D35008C7C4B /* test.app */;
			productType = "com.apple.product-type.application";
		};
/* End PBXNativeTarget section */

/* Begin PBXProject section */
		D7C6D22023D11D35008C7C4B /* Project object */ = {
			isa = PBXProject;
			attributes = {
				LastSwiftUpdateCheck = 1120;
				LastUpgradeCheck = 1120;
				ORGANIZATIONNAME = dev;
				TargetAttributes = {
					D7C6D22723D11D35008C7C4B = {
						CreatedOnToolsVersion = 11.2.1;
					};
				};
			};
			buildConfigurationList = D7C6D22323D11D35008C7C4B /* Build configuration list for PBXProject "test" */;
			compatibilityVersion = "Xcode 9.3";
			developmentRegion = en;
			hasScannedForEncodings = 0;
			knownRegions = (
				en,
				Base,
			);
			mainGroup = D7C6D21F23D11D35008C7C4B;
			productRefGroup = D7C6D22923D11D35008C7C4B /* Products */;
			projectDirPath = "";
			projectRoot = "";
			targets = (
				D7C6D22723D11D35008C7C4B /* test */,
			);
		};
/* End PBXProject section */

/* Begin PBXResourcesBuildPhase section */
		D7C6D22623D11D35008C7C4B /* Resources */ = {
			isa = PBXResourcesBuildPhase;
			buildActionMask = 2147483647;
			files = (
				D7C6D23823D11D3C008C7C4B /* LaunchScreen.storyboard in Resources */,
				D7C6D23523D11D3C008C7C4B /* Assets.xcassets in Resources */,
				9A85EB5023D743D700770FEE /* nyan_icon.jpg in Resources */,
				D7C6D23323D11D35008C7C4B /* Main.storyboard in Resources */,
			);
			runOnlyForDeploymentPostprocessing = 0;
		};
/* End PBXResourcesBuildPhase section */

/* Begin PBXShellScriptBuildPhase section */
		351ED0585A85F22C12397BF3 /* [CP] Check Pods Manifest.lock */ = {
			isa = PBXShellScriptBuildPhase;
			buildActionMask = 2147483647;
			files = (
			);
			inputFileListPaths = (
			);
			inputPaths = (
				"${PODS_PODFILE_DIR_PATH}/Podfile.lock",
				"${PODS_ROOT}/Manifest.lock",
			);
			name = "[CP] Check Pods Manifest.lock";
			outputFileListPaths = (
			);
			outputPaths = (
				"$(DERIVED_FILE_DIR)/Pods-test-checkManifestLockResult.txt",
			);
			runOnlyForDeploymentPostprocessing = 0;
			shellPath = /bin/sh;
			shellScript = "diff \"${PODS_PODFILE_DIR_PATH}/Podfile.lock\" \"${PODS_ROOT}/Manifest.lock\" > /dev/null\nif [ $? != 0 ] ; then\n    # print error to STDERR\n    echo \"error: The sandbox is not in sync with the Podfile.lock. Run 'pod install' or update your CocoaPods installation.\" >&2\n    exit 1\nfi\n# This output is used by Xcode 'outputs' to avoid re-running this script phase.\necho \"SUCCESS\" > \"${SCRIPT_OUTPUT_FILE_0}\"\n";
			showEnvVarsInLog = 0;
		};
		9C610C827E51E3844B13E914 /* [CP] Embed Pods Frameworks */ = {
			isa = PBXShellScriptBuildPhase;
			buildActionMask = 2147483647;
			files = (
			);
			inputFileListPaths = (
				"${PODS_ROOT}/Target Support Files/Pods-test/Pods-test-frameworks-${CONFIGURATION}-input-files.xcfilelist",
			);
			name = "[CP] Embed Pods Frameworks";
			outputFileListPaths = (
				"${PODS_ROOT}/Target Support Files/Pods-test/Pods-test-frameworks-${CONFIGURATION}-output-files.xcfilelist",
			);
			runOnlyForDeploymentPostprocessing = 0;
			shellPath = /bin/sh;
			shellScript = "\"${PODS_ROOT}/Target Support Files/Pods-test/Pods-test-frameworks.sh\"\n";
			showEnvVarsInLog = 0;
		};
/* End PBXShellScriptBuildPhase section */

/* Begin PBXSourcesBuildPhase section */
		D7C6D22423D11D35008C7C4B /* Sources */ = {
			isa = PBXSourcesBuildPhase;
			buildActionMask = 2147483647;
			files = (
				D7C6D23023D11D35008C7C4B /* ViewController.swift in Sources */,
				D7C6D24623D1206B008C7C4B /* SecondScreen.swift in Sources */,
				D7C6D22C23D11D35008C7C4B /* AppDelegate.swift in Sources */,
				D7C6D24823D123D0008C7C4B /* TealiumHelper.swift in Sources */,
				D7C6D22E23D11D35008C7C4B /* SceneDelegate.swift in Sources */,
			);
			runOnlyForDeploymentPostprocessing = 0;
		};
/* End PBXSourcesBuildPhase section */

/* Begin PBXVariantGroup section */
		D7C6D23123D11D35008C7C4B /* Main.storyboard */ = {
			isa = PBXVariantGroup;
			children = (
				D7C6D23223D11D35008C7C4B /* Base */,
			);
			name = Main.storyboard;
			sourceTree = "<group>";
		};
		D7C6D23623D11D3C008C7C4B /* LaunchScreen.storyboard */ = {
			isa = PBXVariantGroup;
			children = (
				D7C6D23723D11D3C008C7C4B /* Base */,
			);
			name = LaunchScreen.storyboard;
			sourceTree = "<group>";
		};
/* End PBXVariantGroup section */

/* Begin XCBuildConfiguration section */
		D7C6D23A23D11D3C008C7C4B /* Debug */ = {
			isa = XCBuildConfiguration;
			buildSettings = {
				ALWAYS_SEARCH_USER_PATHS = NO;
				CLANG_ANALYZER_NONNULL = YES;
				CLANG_ANALYZER_NUMBER_OBJECT_CONVERSION = YES_AGGRESSIVE;
				CLANG_CXX_LANGUAGE_STANDARD = "gnu++14";
				CLANG_CXX_LIBRARY = "libc++";
				CLANG_ENABLE_MODULES = YES;
				CLANG_ENABLE_OBJC_ARC = YES;
				CLANG_ENABLE_OBJC_WEAK = YES;
				CLANG_WARN_BLOCK_CAPTURE_AUTORELEASING = YES;
				CLANG_WARN_BOOL_CONVERSION = YES;
				CLANG_WARN_COMMA = YES;
				CLANG_WARN_CONSTANT_CONVERSION = YES;
				CLANG_WARN_DEPRECATED_OBJC_IMPLEMENTATIONS = YES;
				CLANG_WARN_DIRECT_OBJC_ISA_USAGE = YES_ERROR;
				CLANG_WARN_DOCUMENTATION_COMMENTS = YES;
				CLANG_WARN_EMPTY_BODY = YES;
				CLANG_WARN_ENUM_CONVERSION = YES;
				CLANG_WARN_INFINITE_RECURSION = YES;
				CLANG_WARN_INT_CONVERSION = YES;
				CLANG_WARN_NON_LITERAL_NULL_CONVERSION = YES;
				CLANG_WARN_OBJC_IMPLICIT_RETAIN_SELF = YES;
				CLANG_WARN_OBJC_LITERAL_CONVERSION = YES;
				CLANG_WARN_OBJC_ROOT_CLASS = YES_ERROR;
				CLANG_WARN_RANGE_LOOP_ANALYSIS = YES;
				CLANG_WARN_STRICT_PROTOTYPES = YES;
				CLANG_WARN_SUSPICIOUS_MOVE = YES;
				CLANG_WARN_UNGUARDED_AVAILABILITY = YES_AGGRESSIVE;
				CLANG_WARN_UNREACHABLE_CODE = YES;
				CLANG_WARN__DUPLICATE_METHOD_MATCH = YES;
				COPY_PHASE_STRIP = NO;
				DEBUG_INFORMATION_FORMAT = dwarf;
				ENABLE_STRICT_OBJC_MSGSEND = YES;
				ENABLE_TESTABILITY = YES;
				GCC_C_LANGUAGE_STANDARD = gnu11;
				GCC_DYNAMIC_NO_PIC = NO;
				GCC_NO_COMMON_BLOCKS = YES;
				GCC_OPTIMIZATION_LEVEL = 0;
				GCC_PREPROCESSOR_DEFINITIONS = (
					"DEBUG=1",
					"$(inherited)",
				);
				GCC_WARN_64_TO_32_BIT_CONVERSION = YES;
				GCC_WARN_ABOUT_RETURN_TYPE = YES_ERROR;
				GCC_WARN_UNDECLARED_SELECTOR = YES;
				GCC_WARN_UNINITIALIZED_AUTOS = YES_AGGRESSIVE;
				GCC_WARN_UNUSED_FUNCTION = YES;
				GCC_WARN_UNUSED_VARIABLE = YES;
				IPHONEOS_DEPLOYMENT_TARGET = 13.2;
				MTL_ENABLE_DEBUG_INFO = INCLUDE_SOURCE;
				MTL_FAST_MATH = YES;
				ONLY_ACTIVE_ARCH = YES;
				SDKROOT = iphoneos;
				SWIFT_ACTIVE_COMPILATION_CONDITIONS = DEBUG;
				SWIFT_OPTIMIZATION_LEVEL = "-Onone";
			};
			name = Debug;
		};
		D7C6D23B23D11D3C008C7C4B /* Release */ = {
			isa = XCBuildConfiguration;
			buildSettings = {
				ALWAYS_SEARCH_USER_PATHS = NO;
				CLANG_ANALYZER_NONNULL = YES;
				CLANG_ANALYZER_NUMBER_OBJECT_CONVERSION = YES_AGGRESSIVE;
				CLANG_CXX_LANGUAGE_STANDARD = "gnu++14";
				CLANG_CXX_LIBRARY = "libc++";
				CLANG_ENABLE_MODULES = YES;
				CLANG_ENABLE_OBJC_ARC = YES;
				CLANG_ENABLE_OBJC_WEAK = YES;
				CLANG_WARN_BLOCK_CAPTURE_AUTORELEASING = YES;
				CLANG_WARN_BOOL_CONVERSION = YES;
				CLANG_WARN_COMMA = YES;
				CLANG_WARN_CONSTANT_CONVERSION = YES;
				CLANG_WARN_DEPRECATED_OBJC_IMPLEMENTATIONS = YES;
				CLANG_WARN_DIRECT_OBJC_ISA_USAGE = YES_ERROR;
				CLANG_WARN_DOCUMENTATION_COMMENTS = YES;
				CLANG_WARN_EMPTY_BODY = YES;
				CLANG_WARN_ENUM_CONVERSION = YES;
				CLANG_WARN_INFINITE_RECURSION = YES;
				CLANG_WARN_INT_CONVERSION = YES;
				CLANG_WARN_NON_LITERAL_NULL_CONVERSION = YES;
				CLANG_WARN_OBJC_IMPLICIT_RETAIN_SELF = YES;
				CLANG_WARN_OBJC_LITERAL_CONVERSION = YES;
				CLANG_WARN_OBJC_ROOT_CLASS = YES_ERROR;
				CLANG_WARN_RANGE_LOOP_ANALYSIS = YES;
				CLANG_WARN_STRICT_PROTOTYPES = YES;
				CLANG_WARN_SUSPICIOUS_MOVE = YES;
				CLANG_WARN_UNGUARDED_AVAILABILITY = YES_AGGRESSIVE;
				CLANG_WARN_UNREACHABLE_CODE = YES;
				CLANG_WARN__DUPLICATE_METHOD_MATCH = YES;
				COPY_PHASE_STRIP = NO;
				DEBUG_INFORMATION_FORMAT = "dwarf-with-dsym";
				ENABLE_NS_ASSERTIONS = NO;
				ENABLE_STRICT_OBJC_MSGSEND = YES;
				GCC_C_LANGUAGE_STANDARD = gnu11;
				GCC_NO_COMMON_BLOCKS = YES;
				GCC_WARN_64_TO_32_BIT_CONVERSION = YES;
				GCC_WARN_ABOUT_RETURN_TYPE = YES_ERROR;
				GCC_WARN_UNDECLARED_SELECTOR = YES;
				GCC_WARN_UNINITIALIZED_AUTOS = YES_AGGRESSIVE;
				GCC_WARN_UNUSED_FUNCTION = YES;
				GCC_WARN_UNUSED_VARIABLE = YES;
				IPHONEOS_DEPLOYMENT_TARGET = 13.2;
				MTL_ENABLE_DEBUG_INFO = NO;
				MTL_FAST_MATH = YES;
				SDKROOT = iphoneos;
				SWIFT_COMPILATION_MODE = wholemodule;
				SWIFT_OPTIMIZATION_LEVEL = "-O";
				VALIDATE_PRODUCT = YES;
			};
			name = Release;
		};
		D7C6D23D23D11D3C008C7C4B /* Debug */ = {
			isa = XCBuildConfiguration;
			baseConfigurationReference = A461FB08EBAFC4A09C9FEDCA /* Pods-test.debug.xcconfig */;
			buildSettings = {
				ASSETCATALOG_COMPILER_APPICON_NAME = AppIcon;
				CODE_SIGN_STYLE = Automatic;
				DEVELOPMENT_TEAM = JSN49ZL96B;
				INFOPLIST_FILE = test/Info.plist;
				LD_RUNPATH_SEARCH_PATHS = (
					"$(inherited)",
					"@executable_path/Frameworks",
				);
				PRODUCT_BUNDLE_IDENTIFIER = "womghei.test-test";
				PRODUCT_NAME = "$(TARGET_NAME)";
				SWIFT_VERSION = 5.0;
				TARGETED_DEVICE_FAMILY = "1,2";
			};
			name = Debug;
		};
		D7C6D23E23D11D3C008C7C4B /* Release */ = {
			isa = XCBuildConfiguration;
			baseConfigurationReference = C1001AAAF062DD2171193583 /* Pods-test.release.xcconfig */;
			buildSettings = {
				ASSETCATALOG_COMPILER_APPICON_NAME = AppIcon;
				CODE_SIGN_STYLE = Automatic;
				DEVELOPMENT_TEAM = JSN49ZL96B;
				INFOPLIST_FILE = test/Info.plist;
				LD_RUNPATH_SEARCH_PATHS = (
					"$(inherited)",
					"@executable_path/Frameworks",
				);
				PRODUCT_BUNDLE_IDENTIFIER = "womghei.test-test";
				PRODUCT_NAME = "$(TARGET_NAME)";
				SWIFT_VERSION = 5.0;
				TARGETED_DEVICE_FAMILY = "1,2";
			};
			name = Release;
		};
/* End XCBuildConfiguration section */

/* Begin XCConfigurationList section */
		D7C6D22323D11D35008C7C4B /* Build configuration list for PBXProject "test" */ = {
			isa = XCConfigurationList;
			buildConfigurations = (
				D7C6D23A23D11D3C008C7C4B /* Debug */,
				D7C6D23B23D11D3C008C7C4B /* Release */,
			);
			defaultConfigurationIsVisible = 0;
			defaultConfigurationName = Release;
		};
		D7C6D23C23D11D3C008C7C4B /* Build configuration list for PBXNativeTarget "test" */ = {
			isa = XCConfigurationList;
			buildConfigurations = (
				D7C6D23D23D11D3C008C7C4B /* Debug */,
				D7C6D23E23D11D3C008C7C4B /* Release */,
			);
			defaultConfigurationIsVisible = 0;
			defaultConfigurationName = Release;
		};
/* End XCConfigurationList section */
	};
	rootObject = D7C6D22023D11D35008C7C4B /* Project object */;
}
