PODS:
  - tealium-swift/Core (1.8.2)
  - tealium-swift/TealiumAppData (1.8.2):
    - tealium-swift/Core
  - tealium-swift/TealiumDeviceData (1.8.2):
    - tealium-swift/Core
  - tealium-swift/TealiumLifecycle (1.8.2):
    - tealium-swift/Core
  - tealium-swift/TealiumLogger (1.8.2):
    - tealium-swift/Core
  - tealium-swift/TealiumRemoteCommands (1.8.2):
    - tealium-swift/Core
  - tealium-swift/TealiumTagManagement (1.8.2):
    - tealium-swift/Core

DEPENDENCIES:
  - tealium-swift/Core
  - tealium-swift/TealiumAppData
  - tealium-swift/TealiumDeviceData
  - tealium-swift/TealiumLifecycle
  - tealium-swift/TealiumLogger
  - tealium-swift/TealiumRemoteCommands
  - tealium-swift/TealiumTagManagement

SPEC REPOS:
  trunk:
    - tealium-swift

SPEC CHECKSUMS:
  tealium-swift: e26ef9977f476afb6999a27b3a31fa4202b158ae

PODFILE CHECKSUM: 1e355b589aa4bb2e53747df723aa19477a9db899

COCOAPODS: 1.8.4
